
Microsoft Visual Studio Solution File, Format Version 12.00
# Visual Studio 15
VisualStudioVersion = 15.0.26403.7
MinimumVisualStudioVersion = 10.0.40219.1
Project("{A07B5EB6-E848-4116-A8D0-A826331D98C6}") = "Voting", "Voting\Voting.sfproj", "{E12E63C0-7956-4310-ABBA-1FC5DEF1CA2F}"
EndProject
Project("{FAE04EC0-301F-11D3-BF4B-00C04F79EFBC}") = "VotingService", "VotingService\VotingService.csproj", "{3C181017-5811-4BCB-B0E4-71E6C9348B00}"
EndProject
Project("{FAE04EC0-301F-11D3-BF4B-00C04F79EFBC}") = "VotingState", "VotingState\VotingState.csproj", "{6396A005-8AB6-449C-B3D6-580FABD13B63}"
EndProject
Global
	GlobalSection(SolutionConfigurationPlatforms) = preSolution
		Debug|x64 = Debug|x64
		Release|x64 = Release|x64
	EndGlobalSection
	GlobalSection(ProjectConfigurationPlatforms) = postSolution
		{E12E63C0-7956-4310-ABBA-1FC5DEF1CA2F}.Debug|x64.ActiveCfg = Debug|x64
		{E12E63C0-7956-4310-ABBA-1FC5DEF1CA2F}.Debug|x64.Build.0 = Debug|x64
		{E12E63C0-7956-4310-ABBA-1FC5DEF1CA2F}.Debug|x64.Deploy.0 = Debug|x64
		{E12E63C0-7956-4310-ABBA-1FC5DEF1CA2F}.Release|x64.ActiveCfg = Release|x64
		{E12E63C0-7956-4310-ABBA-1FC5DEF1CA2F}.Release|x64.Build.0 = Release|x64
		{E12E63C0-7956-4310-ABBA-1FC5DEF1CA2F}.Release|x64.Deploy.0 = Release|x64
		{3C181017-5811-4BCB-B0E4-71E6C9348B00}.Debug|x64.ActiveCfg = Debug|x64
		{3C181017-5811-4BCB-B0E4-71E6C9348B00}.Debug|x64.Build.0 = Debug|x64
		{3C181017-5811-4BCB-B0E4-71E6C9348B00}.Release|x64.ActiveCfg = Release|x64
		{3C181017-5811-4BCB-B0E4-71E6C9348B00}.Release|x64.Build.0 = Release|x64
		{6396A005-8AB6-449C-B3D6-580FABD13B63}.Debug|x64.ActiveCfg = Debug|x64
		{6396A005-8AB6-449C-B3D6-580FABD13B63}.Debug|x64.Build.0 = Debug|x64
		{6396A005-8AB6-449C-B3D6-580FABD13B63}.Release|x64.ActiveCfg = Release|x64
		{6396A005-8AB6-449C-B3D6-580FABD13B63}.Release|x64.Build.0 = Release|x64
	EndGlobalSection
	GlobalSection(SolutionProperties) = preSolution
		HideSolutionNode = FALSE
	EndGlobalSection
EndGlobal
